
Microsoft Visual Studio Solution File, Format Version 12.00
# Visual Studio Version 17
VisualStudioVersion = 17.2.32516.85
MinimumVisualStudioVersion = 10.0.40219.1
Project("{FAE04EC0-301F-11D3-BF4B-00C04F79EFBC}") = "QuanLyQuanCafe", "QuanLyQuanCafe\QuanLyQuanCafe.csproj", "{37A68A02-47BF-4062-88AE-E14F83E56BAE}"
EndProject
Global
	GlobalSection(SolutionConfigurationPlatforms) = preSolution
		Debug|Any CPU = Debug|Any CPU
		Release|Any CPU = Release|Any CPU
	EndGlobalSection
	GlobalSection(ProjectConfigurationPlatforms) = postSolution
		{37A68A02-47BF-4062-88AE-E14F83E56BAE}.Debug|Any CPU.ActiveCfg = Debug|Any CPU
		{37A68A02-47BF-4062-88AE-E14F83E56BAE}.Debug|Any CPU.Build.0 = Debug|Any CPU
		{37A68A02-47BF-4062-88AE-E14F83E56BAE}.Release|Any CPU.ActiveCfg = Release|Any CPU
		{37A68A02-47BF-4062-88AE-E14F83E56BAE}.Release|Any CPU.Build.0 = Release|Any CPU
	EndGlobalSection
	GlobalSection(SolutionProperties) = preSolution
		HideSolutionNode = FALSE
	EndGlobalSection
	GlobalSection(ExtensibilityGlobals) = postSolution
		SolutionGuid = {6862CB5A-42E4-489B-BFB2-01DC7E2FDE70}
	EndGlobalSection
EndGlobal
